
Microsoft Visual Studio Solution File, Format Version 12.00
# Visual Studio 2013
VisualStudioVersion = 12.0.0.0
MinimumVisualStudioVersion = 10.0.0.1
Project("{8BB2217D-0F2D-49D1-97BC-3654ED321F3B}") = "LocalizationWebApi", "LocalizationWebApi.xproj", "{D1619C64-03EB-43FE-91D9-ED7EAF94ADB3}"
EndProject
Global
	GlobalSection(SolutionConfigurationPlatforms) = preSolution
		Debug|Any CPU = Debug|Any CPU
		Release|Any CPU = Release|Any CPU
	EndGlobalSection
	GlobalSection(ProjectConfigurationPlatforms) = postSolution
		{D1619C64-03EB-43FE-91D9-ED7EAF94ADB3}.Debug|Any CPU.ActiveCfg = Debug|Any CPU
		{D1619C64-03EB-43FE-91D9-ED7EAF94ADB3}.Debug|Any CPU.Build.0 = Debug|Any CPU
		{D1619C64-03EB-43FE-91D9-ED7EAF94ADB3}.Release|Any CPU.ActiveCfg = Release|Any CPU
		{D1619C64-03EB-43FE-91D9-ED7EAF94ADB3}.Release|Any CPU.Build.0 = Release|Any CPU
	EndGlobalSection
	GlobalSection(SolutionProperties) = preSolution
		HideSolutionNode = FALSE
	EndGlobalSection
EndGlobal
